/Users/pburnham/Downloads/HCR_testing/sub_14_WS_seg.npy
/Users/pburnham/Downloads/HCR_testing/sub_2_WS_seg.npy
/Users/pburnham/Downloads/HCR_testing/sub_9_WS_seg.npy
/Users/pburnham/Downloads/HCR_testing/sub_4_WS_seg.npy
/Users/pburnham/Downloads/HCR_testing/sub_12_WS_seg.npy
/Users/pburnham/Downloads/HCR_testing/sub_15_WS_seg.npy
/Users/pburnham/Downloads/HCR_testing/sub_3_WS_seg.npy
/Users/pburnham/Downloads/HCR_testing/sub_8_WS_seg.npy
/Users/pburnham/Downloads/HCR_testing/sub_5_WS_seg.npy
/Users/pburnham/Downloads/HCR_testing/sub_13_WS_seg.npy
/Users/pburnham/Downloads/HCR_testing/sub_0_WS_seg.npy
/Users/pburnham/Downloads/HCR_testing/sub_10_WS_seg.npy
/Users/pburnham/Downloads/HCR_testing/sub_6_WS_seg.npy
/Users/pburnham/Downloads/HCR_testing/sub_1_WS_seg.npy
/Users/pburnham/Downloads/HCR_testing/sub_11_WS_seg.npy
/Users/pburnham/Downloads/HCR_testing/sub_7_WS_seg.npy
/Users/pburnham/Downloads/HCR_testing/sub_14_1CY5_measurements.csv
/Users/pburnham/Downloads/HCR_testing/sub_14_1CY3_measurements.csv
/Users/pburnham/Downloads/HCR_testing/sub_14_1YFP_measurements.csv
/Users/pburnham/Downloads/HCR_testing/sub_14_2CY5_measurements.csv
/Users/pburnham/Downloads/HCR_testing/sub_14_2CY3_measurements.csv
/Users/pburnham/Downloads/HCR_testing/sub_14_2YFP_measurements.csv
/Users/pburnham/Downloads/HCR_testing/sub_2_1CY5_measurements.csv
/Users/pburnham/Downloads/HCR_testing/sub_2_1CY3_measurements.csv
/Users/pburnham/Downloads/HCR_testing/sub_2_1YFP_measurements.csv
/Users/pburnham/Downloads/HCR_testing/sub_2_2CY5_measurements.csv
/Users/pburnham/Downloads/HCR_testing/sub_2_2CY3_measurements.csv
/Users/pburnham/Downloads/HCR_testing/sub_2_2YFP_measurements.csv
/Users/pburnham/Downloads/HCR_testing/sub_9_1CY5_measurements.csv
/Users/pburnham/Downloads/HCR_testing/sub_9_1CY3_measurements.csv
/Users/pburnham/Downloads/HCR_testing/sub_9_1YFP_measurements.csv
/Users/pburnham/Downloads/HCR_testing/sub_9_2CY5_measurements.csv
/Users/pburnham/Downloads/HCR_testing/sub_9_2CY3_measurements.csv
/Users/pburnham/Downloads/HCR_testing/sub_9_2YFP_measurements.csv
/Users/pburnham/Downloads/HCR_testing/sub_4_1CY5_measurements.csv
/Users/pburnham/Downloads/HCR_testing/sub_4_1CY3_measurements.csv
/Users/pburnham/Downloads/HCR_testing/sub_4_1YFP_measurements.csv
/Users/pburnham/Downloads/HCR_testing/sub_4_2CY5_measurements.csv
/Users/pburnham/Downloads/HCR_testing/sub_4_2CY3_measurements.csv
/Users/pburnham/Downloads/HCR_testing/sub_4_2YFP_measurements.csv
/Users/pburnham/Downloads/HCR_testing/sub_12_1CY5_measurements.csv
/Users/pburnham/Downloads/HCR_testing/sub_12_1CY3_measurements.csv
/Users/pburnham/Downloads/HCR_testing/sub_12_1YFP_measurements.csv
/Users/pburnham/Downloads/HCR_testing/sub_12_2CY5_measurements.csv
/Users/pburnham/Downloads/HCR_testing/sub_12_2CY3_measurements.csv
/Users/pburnham/Downloads/HCR_testing/sub_12_2YFP_measurements.csv
/Users/pburnham/Downloads/HCR_testing/sub_15_1CY5_measurements.csv
/Users/pburnham/Downloads/HCR_testing/sub_15_1CY3_measurements.csv
/Users/pburnham/Downloads/HCR_testing/sub_15_1YFP_measurements.csv
/Users/pburnham/Downloads/HCR_testing/sub_15_2CY5_measurements.csv
/Users/pburnham/Downloads/HCR_testing/sub_15_2CY3_measurements.csv
/Users/pburnham/Downloads/HCR_testing/sub_15_2YFP_measurements.csv
/Users/pburnham/Downloads/HCR_testing/sub_3_1CY5_measurements.csv
/Users/pburnham/Downloads/HCR_testing/sub_3_1CY3_measurements.csv
/Users/pburnham/Downloads/HCR_testing/sub_3_1YFP_measurements.csv
/Users/pburnham/Downloads/HCR_testing/sub_3_2CY5_measurements.csv
/Users/pburnham/Downloads/HCR_testing/sub_3_2CY3_measurements.csv
/Users/pburnham/Downloads/HCR_testing/sub_3_2YFP_measurements.csv
/Users/pburnham/Downloads/HCR_testing/sub_8_1CY5_measurements.csv
/Users/pburnham/Downloads/HCR_testing/sub_8_1CY3_measurements.csv
/Users/pburnham/Downloads/HCR_testing/sub_8_1YFP_measurements.csv
/Users/pburnham/Downloads/HCR_testing/sub_8_2CY5_measurements.csv
/Users/pburnham/Downloads/HCR_testing/sub_8_2CY3_measurements.csv
/Users/pburnham/Downloads/HCR_testing/sub_8_2YFP_measurements.csv
/Users/pburnham/Downloads/HCR_testing/sub_5_1CY5_measurements.csv
/Users/pburnham/Downloads/HCR_testing/sub_5_1CY3_measurements.csv
/Users/pburnham/Downloads/HCR_testing/sub_5_1YFP_measurements.csv
/Users/pburnham/Downloads/HCR_testing/sub_5_2CY5_measurements.csv
/Users/pburnham/Downloads/HCR_testing/sub_5_2CY3_measurements.csv
/Users/pburnham/Downloads/HCR_testing/sub_5_2YFP_measurements.csv
/Users/pburnham/Downloads/HCR_testing/sub_13_1CY5_measurements.csv
/Users/pburnham/Downloads/HCR_testing/sub_13_1CY3_measurements.csv
/Users/pburnham/Downloads/HCR_testing/sub_13_1YFP_measurements.csv
/Users/pburnham/Downloads/HCR_testing/sub_13_2CY5_measurements.csv
/Users/pburnham/Downloads/HCR_testing/sub_13_2CY3_measurements.csv
/Users/pburnham/Downloads/HCR_testing/sub_13_2YFP_measurements.csv
/Users/pburnham/Downloads/HCR_testing/sub_0_1CY5_measurements.csv
/Users/pburnham/Downloads/HCR_testing/sub_0_1CY3_measurements.csv
/Users/pburnham/Downloads/HCR_testing/sub_0_1YFP_measurements.csv
/Users/pburnham/Downloads/HCR_testing/sub_0_2CY5_measurements.csv
/Users/pburnham/Downloads/HCR_testing/sub_0_2CY3_measurements.csv
/Users/pburnham/Downloads/HCR_testing/sub_0_2YFP_measurements.csv
/Users/pburnham/Downloads/HCR_testing/sub_10_1CY5_measurements.csv
/Users/pburnham/Downloads/HCR_testing/sub_10_1CY3_measurements.csv
/Users/pburnham/Downloads/HCR_testing/sub_10_1YFP_measurements.csv
/Users/pburnham/Downloads/HCR_testing/sub_10_2CY5_measurements.csv
/Users/pburnham/Downloads/HCR_testing/sub_10_2CY3_measurements.csv
/Users/pburnham/Downloads/HCR_testing/sub_10_2YFP_measurements.csv
/Users/pburnham/Downloads/HCR_testing/sub_6_1CY5_measurements.csv
/Users/pburnham/Downloads/HCR_testing/sub_6_1CY3_measurements.csv
/Users/pburnham/Downloads/HCR_testing/sub_6_1YFP_measurements.csv
/Users/pburnham/Downloads/HCR_testing/sub_6_2CY5_measurements.csv
/Users/pburnham/Downloads/HCR_testing/sub_6_2CY3_measurements.csv
/Users/pburnham/Downloads/HCR_testing/sub_6_2YFP_measurements.csv
/Users/pburnham/Downloads/HCR_testing/sub_1_1CY5_measurements.csv
/Users/pburnham/Downloads/HCR_testing/sub_1_1CY3_measurements.csv
/Users/pburnham/Downloads/HCR_testing/sub_1_1YFP_measurements.csv
/Users/pburnham/Downloads/HCR_testing/sub_1_2CY5_measurements.csv
/Users/pburnham/Downloads/HCR_testing/sub_1_2CY3_measurements.csv
/Users/pburnham/Downloads/HCR_testing/sub_1_2YFP_measurements.csv
/Users/pburnham/Downloads/HCR_testing/sub_11_1CY5_measurements.csv
/Users/pburnham/Downloads/HCR_testing/sub_11_1CY3_measurements.csv
/Users/pburnham/Downloads/HCR_testing/sub_11_1YFP_measurements.csv
/Users/pburnham/Downloads/HCR_testing/sub_11_2CY5_measurements.csv
/Users/pburnham/Downloads/HCR_testing/sub_11_2CY3_measurements.csv
/Users/pburnham/Downloads/HCR_testing/sub_11_2YFP_measurements.csv
/Users/pburnham/Downloads/HCR_testing/sub_7_1CY5_measurements.csv
/Users/pburnham/Downloads/HCR_testing/sub_7_1CY3_measurements.csv
/Users/pburnham/Downloads/HCR_testing/sub_7_1YFP_measurements.csv
/Users/pburnham/Downloads/HCR_testing/sub_7_2CY5_measurements.csv
/Users/pburnham/Downloads/HCR_testing/sub_7_2CY3_measurements.csv
/Users/pburnham/Downloads/HCR_testing/sub_7_2YFP_measurements.csv
/Users/pburnham/Downloads/HCR_testing/sub_14_1DAPI_seg.npy
/Users/pburnham/Downloads/HCR_testing/sub_2_1DAPI_seg.npy
/Users/pburnham/Downloads/HCR_testing/sub_9_1DAPI_seg.npy
/Users/pburnham/Downloads/HCR_testing/sub_4_1DAPI_seg.npy
/Users/pburnham/Downloads/HCR_testing/sub_12_1DAPI_seg.npy
/Users/pburnham/Downloads/HCR_testing/sub_15_1DAPI_seg.npy
/Users/pburnham/Downloads/HCR_testing/sub_3_1DAPI_seg.npy
/Users/pburnham/Downloads/HCR_testing/sub_8_1DAPI_seg.npy
/Users/pburnham/Downloads/HCR_testing/sub_5_1DAPI_seg.npy
/Users/pburnham/Downloads/HCR_testing/sub_13_1DAPI_seg.npy
/Users/pburnham/Downloads/HCR_testing/sub_0_1DAPI_seg.npy
/Users/pburnham/Downloads/HCR_testing/sub_10_1DAPI_seg.npy
/Users/pburnham/Downloads/HCR_testing/sub_6_1DAPI_seg.npy
/Users/pburnham/Downloads/HCR_testing/sub_1_1DAPI_seg.npy
/Users/pburnham/Downloads/HCR_testing/sub_11_1DAPI_seg.npy
/Users/pburnham/Downloads/HCR_testing/sub_7_1DAPI_seg.npy
/Users/pburnham/Downloads/HCR_testing/sub_14_WS_seg.npy
/Users/pburnham/Downloads/HCR_testing/sub_14_1CY5.tif
/Users/pburnham/Downloads/HCR_testing/sub_14_WS_seg.npy
/Users/pburnham/Downloads/HCR_testing/sub_14_1CY3.tif
/Users/pburnham/Downloads/HCR_testing/sub_14_WS_seg.npy
/Users/pburnham/Downloads/HCR_testing/sub_14_1YFP.tif
/Users/pburnham/Downloads/HCR_testing/sub_14_WS_seg.npy
/Users/pburnham/Downloads/HCR_testing/sub_14_2CY5.tif
/Users/pburnham/Downloads/HCR_testing/sub_14_WS_seg.npy
/Users/pburnham/Downloads/HCR_testing/sub_14_2CY3.tif
/Users/pburnham/Downloads/HCR_testing/sub_14_WS_seg.npy
/Users/pburnham/Downloads/HCR_testing/sub_14_2YFP.tif
/Users/pburnham/Downloads/HCR_testing/sub_2_WS_seg.npy
/Users/pburnham/Downloads/HCR_testing/sub_2_1CY5.tif
/Users/pburnham/Downloads/HCR_testing/sub_2_WS_seg.npy
/Users/pburnham/Downloads/HCR_testing/sub_2_1CY3.tif
/Users/pburnham/Downloads/HCR_testing/sub_2_WS_seg.npy
/Users/pburnham/Downloads/HCR_testing/sub_2_1YFP.tif
/Users/pburnham/Downloads/HCR_testing/sub_2_WS_seg.npy
/Users/pburnham/Downloads/HCR_testing/sub_2_2CY5.tif
/Users/pburnham/Downloads/HCR_testing/sub_2_WS_seg.npy
/Users/pburnham/Downloads/HCR_testing/sub_2_2CY3.tif
/Users/pburnham/Downloads/HCR_testing/sub_2_WS_seg.npy
/Users/pburnham/Downloads/HCR_testing/sub_2_2YFP.tif
/Users/pburnham/Downloads/HCR_testing/sub_9_WS_seg.npy
/Users/pburnham/Downloads/HCR_testing/sub_9_1CY5.tif
/Users/pburnham/Downloads/HCR_testing/sub_9_WS_seg.npy
/Users/pburnham/Downloads/HCR_testing/sub_9_1CY3.tif
/Users/pburnham/Downloads/HCR_testing/sub_9_WS_seg.npy
/Users/pburnham/Downloads/HCR_testing/sub_9_1YFP.tif
/Users/pburnham/Downloads/HCR_testing/sub_9_WS_seg.npy
/Users/pburnham/Downloads/HCR_testing/sub_9_2CY5.tif
/Users/pburnham/Downloads/HCR_testing/sub_9_WS_seg.npy
/Users/pburnham/Downloads/HCR_testing/sub_9_2CY3.tif
/Users/pburnham/Downloads/HCR_testing/sub_9_WS_seg.npy
/Users/pburnham/Downloads/HCR_testing/sub_9_2YFP.tif
/Users/pburnham/Downloads/HCR_testing/sub_4_WS_seg.npy
/Users/pburnham/Downloads/HCR_testing/sub_4_1CY5.tif
/Users/pburnham/Downloads/HCR_testing/sub_4_WS_seg.npy
/Users/pburnham/Downloads/HCR_testing/sub_4_1CY3.tif
/Users/pburnham/Downloads/HCR_testing/sub_4_WS_seg.npy
/Users/pburnham/Downloads/HCR_testing/sub_4_1YFP.tif
/Users/pburnham/Downloads/HCR_testing/sub_4_WS_seg.npy
/Users/pburnham/Downloads/HCR_testing/sub_4_2CY5.tif
/Users/pburnham/Downloads/HCR_testing/sub_4_WS_seg.npy
/Users/pburnham/Downloads/HCR_testing/sub_4_2CY3.tif
/Users/pburnham/Downloads/HCR_testing/sub_4_WS_seg.npy
/Users/pburnham/Downloads/HCR_testing/sub_4_2YFP.tif
/Users/pburnham/Downloads/HCR_testing/sub_12_WS_seg.npy
/Users/pburnham/Downloads/HCR_testing/sub_12_1CY5.tif
/Users/pburnham/Downloads/HCR_testing/sub_12_WS_seg.npy
/Users/pburnham/Downloads/HCR_testing/sub_12_1CY3.tif
/Users/pburnham/Downloads/HCR_testing/sub_12_WS_seg.npy
/Users/pburnham/Downloads/HCR_testing/sub_12_1YFP.tif
/Users/pburnham/Downloads/HCR_testing/sub_12_WS_seg.npy
/Users/pburnham/Downloads/HCR_testing/sub_12_2CY5.tif
/Users/pburnham/Downloads/HCR_testing/sub_12_WS_seg.npy
/Users/pburnham/Downloads/HCR_testing/sub_12_2CY3.tif
/Users/pburnham/Downloads/HCR_testing/sub_12_WS_seg.npy
/Users/pburnham/Downloads/HCR_testing/sub_12_2YFP.tif
/Users/pburnham/Downloads/HCR_testing/sub_15_WS_seg.npy
/Users/pburnham/Downloads/HCR_testing/sub_15_1CY5.tif
/Users/pburnham/Downloads/HCR_testing/sub_15_WS_seg.npy
/Users/pburnham/Downloads/HCR_testing/sub_15_1CY3.tif
/Users/pburnham/Downloads/HCR_testing/sub_15_WS_seg.npy
/Users/pburnham/Downloads/HCR_testing/sub_15_1YFP.tif
/Users/pburnham/Downloads/HCR_testing/sub_15_WS_seg.npy
/Users/pburnham/Downloads/HCR_testing/sub_15_2CY5.tif
/Users/pburnham/Downloads/HCR_testing/sub_15_WS_seg.npy
/Users/pburnham/Downloads/HCR_testing/sub_15_2CY3.tif
/Users/pburnham/Downloads/HCR_testing/sub_15_WS_seg.npy
/Users/pburnham/Downloads/HCR_testing/sub_15_2YFP.tif
/Users/pburnham/Downloads/HCR_testing/sub_3_WS_seg.npy
/Users/pburnham/Downloads/HCR_testing/sub_3_1CY5.tif
/Users/pburnham/Downloads/HCR_testing/sub_3_WS_seg.npy
/Users/pburnham/Downloads/HCR_testing/sub_3_1CY3.tif
/Users/pburnham/Downloads/HCR_testing/sub_3_WS_seg.npy
/Users/pburnham/Downloads/HCR_testing/sub_3_1YFP.tif
/Users/pburnham/Downloads/HCR_testing/sub_3_WS_seg.npy
/Users/pburnham/Downloads/HCR_testing/sub_3_2CY5.tif
/Users/pburnham/Downloads/HCR_testing/sub_3_WS_seg.npy
/Users/pburnham/Downloads/HCR_testing/sub_3_2CY3.tif
/Users/pburnham/Downloads/HCR_testing/sub_3_WS_seg.npy
/Users/pburnham/Downloads/HCR_testing/sub_3_2YFP.tif
/Users/pburnham/Downloads/HCR_testing/sub_8_WS_seg.npy
/Users/pburnham/Downloads/HCR_testing/sub_8_1CY5.tif
/Users/pburnham/Downloads/HCR_testing/sub_8_WS_seg.npy
/Users/pburnham/Downloads/HCR_testing/sub_8_1CY3.tif
/Users/pburnham/Downloads/HCR_testing/sub_8_WS_seg.npy
/Users/pburnham/Downloads/HCR_testing/sub_8_1YFP.tif
/Users/pburnham/Downloads/HCR_testing/sub_8_WS_seg.npy
/Users/pburnham/Downloads/HCR_testing/sub_8_2CY5.tif
/Users/pburnham/Downloads/HCR_testing/sub_8_WS_seg.npy
/Users/pburnham/Downloads/HCR_testing/sub_8_2CY3.tif
/Users/pburnham/Downloads/HCR_testing/sub_8_WS_seg.npy
/Users/pburnham/Downloads/HCR_testing/sub_8_2YFP.tif
/Users/pburnham/Downloads/HCR_testing/sub_5_WS_seg.npy
/Users/pburnham/Downloads/HCR_testing/sub_5_1CY5.tif
/Users/pburnham/Downloads/HCR_testing/sub_5_WS_seg.npy
/Users/pburnham/Downloads/HCR_testing/sub_5_1CY3.tif
/Users/pburnham/Downloads/HCR_testing/sub_5_WS_seg.npy
/Users/pburnham/Downloads/HCR_testing/sub_5_1YFP.tif
/Users/pburnham/Downloads/HCR_testing/sub_5_WS_seg.npy
/Users/pburnham/Downloads/HCR_testing/sub_5_2CY5.tif
/Users/pburnham/Downloads/HCR_testing/sub_5_WS_seg.npy
/Users/pburnham/Downloads/HCR_testing/sub_5_2CY3.tif
/Users/pburnham/Downloads/HCR_testing/sub_5_WS_seg.npy
/Users/pburnham/Downloads/HCR_testing/sub_5_2YFP.tif
/Users/pburnham/Downloads/HCR_testing/sub_13_WS_seg.npy
/Users/pburnham/Downloads/HCR_testing/sub_13_1CY5.tif
/Users/pburnham/Downloads/HCR_testing/sub_13_WS_seg.npy
/Users/pburnham/Downloads/HCR_testing/sub_13_1CY3.tif
/Users/pburnham/Downloads/HCR_testing/sub_13_WS_seg.npy
/Users/pburnham/Downloads/HCR_testing/sub_13_1YFP.tif
/Users/pburnham/Downloads/HCR_testing/sub_13_WS_seg.npy
/Users/pburnham/Downloads/HCR_testing/sub_13_2CY5.tif
/Users/pburnham/Downloads/HCR_testing/sub_13_WS_seg.npy
/Users/pburnham/Downloads/HCR_testing/sub_13_2CY3.tif
/Users/pburnham/Downloads/HCR_testing/sub_13_WS_seg.npy
/Users/pburnham/Downloads/HCR_testing/sub_13_2YFP.tif
/Users/pburnham/Downloads/HCR_testing/sub_0_WS_seg.npy
/Users/pburnham/Downloads/HCR_testing/sub_0_1CY5.tif
/Users/pburnham/Downloads/HCR_testing/sub_0_WS_seg.npy
/Users/pburnham/Downloads/HCR_testing/sub_0_1CY3.tif
/Users/pburnham/Downloads/HCR_testing/sub_0_WS_seg.npy
/Users/pburnham/Downloads/HCR_testing/sub_0_1YFP.tif
/Users/pburnham/Downloads/HCR_testing/sub_0_WS_seg.npy
/Users/pburnham/Downloads/HCR_testing/sub_0_2CY5.tif
/Users/pburnham/Downloads/HCR_testing/sub_0_WS_seg.npy
/Users/pburnham/Downloads/HCR_testing/sub_0_2CY3.tif
/Users/pburnham/Downloads/HCR_testing/sub_0_WS_seg.npy
/Users/pburnham/Downloads/HCR_testing/sub_0_2YFP.tif
/Users/pburnham/Downloads/HCR_testing/sub_10_WS_seg.npy
/Users/pburnham/Downloads/HCR_testing/sub_10_1CY5.tif
/Users/pburnham/Downloads/HCR_testing/sub_10_WS_seg.npy
/Users/pburnham/Downloads/HCR_testing/sub_10_1CY3.tif
/Users/pburnham/Downloads/HCR_testing/sub_10_WS_seg.npy
/Users/pburnham/Downloads/HCR_testing/sub_10_1YFP.tif
/Users/pburnham/Downloads/HCR_testing/sub_10_WS_seg.npy
/Users/pburnham/Downloads/HCR_testing/sub_10_2CY5.tif
/Users/pburnham/Downloads/HCR_testing/sub_10_WS_seg.npy
/Users/pburnham/Downloads/HCR_testing/sub_10_2CY3.tif
/Users/pburnham/Downloads/HCR_testing/sub_10_WS_seg.npy
/Users/pburnham/Downloads/HCR_testing/sub_10_2YFP.tif
/Users/pburnham/Downloads/HCR_testing/sub_6_WS_seg.npy
/Users/pburnham/Downloads/HCR_testing/sub_6_1CY5.tif
/Users/pburnham/Downloads/HCR_testing/sub_6_WS_seg.npy
/Users/pburnham/Downloads/HCR_testing/sub_6_1CY3.tif
/Users/pburnham/Downloads/HCR_testing/sub_6_WS_seg.npy
/Users/pburnham/Downloads/HCR_testing/sub_6_1YFP.tif
/Users/pburnham/Downloads/HCR_testing/sub_6_WS_seg.npy
/Users/pburnham/Downloads/HCR_testing/sub_6_2CY5.tif
/Users/pburnham/Downloads/HCR_testing/sub_6_WS_seg.npy
/Users/pburnham/Downloads/HCR_testing/sub_6_2CY3.tif
/Users/pburnham/Downloads/HCR_testing/sub_6_WS_seg.npy
/Users/pburnham/Downloads/HCR_testing/sub_6_2YFP.tif
/Users/pburnham/Downloads/HCR_testing/sub_1_WS_seg.npy
/Users/pburnham/Downloads/HCR_testing/sub_1_1CY5.tif
/Users/pburnham/Downloads/HCR_testing/sub_1_WS_seg.npy
/Users/pburnham/Downloads/HCR_testing/sub_1_1CY3.tif
/Users/pburnham/Downloads/HCR_testing/sub_1_WS_seg.npy
/Users/pburnham/Downloads/HCR_testing/sub_1_1YFP.tif
/Users/pburnham/Downloads/HCR_testing/sub_1_WS_seg.npy
/Users/pburnham/Downloads/HCR_testing/sub_1_2CY5.tif
/Users/pburnham/Downloads/HCR_testing/sub_1_WS_seg.npy
/Users/pburnham/Downloads/HCR_testing/sub_1_2CY3.tif
/Users/pburnham/Downloads/HCR_testing/sub_1_WS_seg.npy
/Users/pburnham/Downloads/HCR_testing/sub_1_2YFP.tif
/Users/pburnham/Downloads/HCR_testing/sub_11_WS_seg.npy
/Users/pburnham/Downloads/HCR_testing/sub_11_1CY5.tif
/Users/pburnham/Downloads/HCR_testing/sub_11_WS_seg.npy
/Users/pburnham/Downloads/HCR_testing/sub_11_1CY3.tif
/Users/pburnham/Downloads/HCR_testing/sub_11_WS_seg.npy
/Users/pburnham/Downloads/HCR_testing/sub_11_1YFP.tif
/Users/pburnham/Downloads/HCR_testing/sub_11_WS_seg.npy
/Users/pburnham/Downloads/HCR_testing/sub_11_2CY5.tif
/Users/pburnham/Downloads/HCR_testing/sub_11_WS_seg.npy
/Users/pburnham/Downloads/HCR_testing/sub_11_2CY3.tif
/Users/pburnham/Downloads/HCR_testing/sub_11_WS_seg.npy
/Users/pburnham/Downloads/HCR_testing/sub_11_2YFP.tif
/Users/pburnham/Downloads/HCR_testing/sub_7_WS_seg.npy
/Users/pburnham/Downloads/HCR_testing/sub_7_1CY5.tif
/Users/pburnham/Downloads/HCR_testing/sub_7_WS_seg.npy
/Users/pburnham/Downloads/HCR_testing/sub_7_1CY3.tif
/Users/pburnham/Downloads/HCR_testing/sub_7_WS_seg.npy
/Users/pburnham/Downloads/HCR_testing/sub_7_1YFP.tif
/Users/pburnham/Downloads/HCR_testing/sub_7_WS_seg.npy
/Users/pburnham/Downloads/HCR_testing/sub_7_2CY5.tif
/Users/pburnham/Downloads/HCR_testing/sub_7_WS_seg.npy
/Users/pburnham/Downloads/HCR_testing/sub_7_2CY3.tif
/Users/pburnham/Downloads/HCR_testing/sub_7_WS_seg.npy
/Users/pburnham/Downloads/HCR_testing/sub_7_2YFP.tif
